
Microsoft Visual Studio Solution File, Format Version 12.00
# Visual Studio Version 16
VisualStudioVersion = 16.0.31205.134
MinimumVisualStudioVersion = 10.0.40219.1
Project("{FAE04EC0-301F-11D3-BF4B-00C04F79EFBC}") = "ExperimentWithControls", "ExperimentWithControls\ExperimentWithControls.csproj", "{A4C69CE4-19C0-4A0C-9B22-DE6B13BE45A1}"
EndProject
Global
	GlobalSection(SolutionConfigurationPlatforms) = preSolution
		Debug|Any CPU = Debug|Any CPU
		Release|Any CPU = Release|Any CPU
	EndGlobalSection
	GlobalSection(ProjectConfigurationPlatforms) = postSolution
		{A4C69CE4-19C0-4A0C-9B22-DE6B13BE45A1}.Debug|Any CPU.ActiveCfg = Debug|Any CPU
		{A4C69CE4-19C0-4A0C-9B22-DE6B13BE45A1}.Debug|Any CPU.Build.0 = Debug|Any CPU
		{A4C69CE4-19C0-4A0C-9B22-DE6B13BE45A1}.Release|Any CPU.ActiveCfg = Release|Any CPU
		{A4C69CE4-19C0-4A0C-9B22-DE6B13BE45A1}.Release|Any CPU.Build.0 = Release|Any CPU
	EndGlobalSection
	GlobalSection(SolutionProperties) = preSolution
		HideSolutionNode = FALSE
	EndGlobalSection
	GlobalSection(ExtensibilityGlobals) = postSolution
		SolutionGuid = {E8F6EDD3-28FB-4BF1-BE72-FB92B4BC80FD}
	EndGlobalSection
EndGlobal
